
Microsoft Visual Studio Solution File, Format Version 12.00
# Visual Studio Version 17
VisualStudioVersion = 17.14.36401.2 d17.14
MinimumVisualStudioVersion = 10.0.40219.1
Project("{FAE04EC0-301F-11D3-BF4B-00C04F79EFBC}") = "WebApi_By_Sushanka", "WebApi_By_Sushanka\WebApi_By_Sushanka.csproj", "{068A377E-96CD-47BA-A117-3D1CB9EAC8CA}"
EndProject
Global
	GlobalSection(SolutionConfigurationPlatforms) = preSolution
		Debug|Any CPU = Debug|Any CPU
		Release|Any CPU = Release|Any CPU
	EndGlobalSection
	GlobalSection(ProjectConfigurationPlatforms) = postSolution
		{068A377E-96CD-47BA-A117-3D1CB9EAC8CA}.Debug|Any CPU.ActiveCfg = Debug|Any CPU
		{068A377E-96CD-47BA-A117-3D1CB9EAC8CA}.Debug|Any CPU.Build.0 = Debug|Any CPU
		{068A377E-96CD-47BA-A117-3D1CB9EAC8CA}.Release|Any CPU.ActiveCfg = Release|Any CPU
		{068A377E-96CD-47BA-A117-3D1CB9EAC8CA}.Release|Any CPU.Build.0 = Release|Any CPU
	EndGlobalSection
	GlobalSection(SolutionProperties) = preSolution
		HideSolutionNode = FALSE
	EndGlobalSection
	GlobalSection(ExtensibilityGlobals) = postSolution
		SolutionGuid = {D5B2E309-749C-4695-8BFA-35AF0922D787}
	EndGlobalSection
EndGlobal
